{
  "sources": {
    "yum": {
      "locked_version": "2.3.0"
    },
    "python": {
      "locked_version": "1.3.6"
    },
    "ssh": {
      "locked_version": "0.6.3",
      "git": "git://github.com/markolson/chef-ssh.git",
      "ref": "b1abfed314edd82dd19e4ed358b4f967cbe793e7"
    },
    "build-essential": {
      "locked_version": "1.4.0"
    }
  }
}
